
Microsoft Visual Studio Solution File, Format Version 12.00
# Visual Studio 15
VisualStudioVersion = 15.0.27703.2047
MinimumVisualStudioVersion = 10.0.40219.1
Project("{FAE04EC0-301F-11D3-BF4B-00C04F79EFBC}") = "ESIMERKKI", "ESIMERKKI\ESIMERKKI.csproj", "{2F2DFF12-116D-4BCE-AFFC-34095175251A}"
EndProject
Project("{FAE04EC0-301F-11D3-BF4B-00C04F79EFBC}") = "T1", "T1\T1.csproj", "{F402B6E0-E0BA-40D0-B0A6-5CDDEA6B9C5F}"
EndProject
Project("{FAE04EC0-301F-11D3-BF4B-00C04F79EFBC}") = "T2", "T2\T2.csproj", "{CC17909F-09E7-439E-BB53-79C3FFAE53C0}"
EndProject
Project("{FAE04EC0-301F-11D3-BF4B-00C04F79EFBC}") = "T3", "T3\T3.csproj", "{2E5D7807-4D0B-4453-98B9-8C4AE6CBD1A1}"
EndProject
Project("{FAE04EC0-301F-11D3-BF4B-00C04F79EFBC}") = "T4", "T4\T4.csproj", "{8E6406DA-CAF9-44E5-92D2-184F2F8F5AC1}"
EndProject
Project("{FAE04EC0-301F-11D3-BF4B-00C04F79EFBC}") = "T5", "T5\T5.csproj", "{5E0789AD-76BE-4D05-86C4-C6CE76CFC1D2}"
EndProject
Project("{FAE04EC0-301F-11D3-BF4B-00C04F79EFBC}") = "T6", "T6\T6.csproj", "{5D781D41-ED66-467F-98B8-48CF743A3B6D}"
EndProject
Global
	GlobalSection(SolutionConfigurationPlatforms) = preSolution
		Debug|Any CPU = Debug|Any CPU
		Release|Any CPU = Release|Any CPU
	EndGlobalSection
	GlobalSection(ProjectConfigurationPlatforms) = postSolution
		{2F2DFF12-116D-4BCE-AFFC-34095175251A}.Debug|Any CPU.ActiveCfg = Debug|Any CPU
		{2F2DFF12-116D-4BCE-AFFC-34095175251A}.Debug|Any CPU.Build.0 = Debug|Any CPU
		{2F2DFF12-116D-4BCE-AFFC-34095175251A}.Release|Any CPU.ActiveCfg = Release|Any CPU
		{2F2DFF12-116D-4BCE-AFFC-34095175251A}.Release|Any CPU.Build.0 = Release|Any CPU
		{F402B6E0-E0BA-40D0-B0A6-5CDDEA6B9C5F}.Debug|Any CPU.ActiveCfg = Debug|Any CPU
		{F402B6E0-E0BA-40D0-B0A6-5CDDEA6B9C5F}.Debug|Any CPU.Build.0 = Debug|Any CPU
		{F402B6E0-E0BA-40D0-B0A6-5CDDEA6B9C5F}.Release|Any CPU.ActiveCfg = Release|Any CPU
		{F402B6E0-E0BA-40D0-B0A6-5CDDEA6B9C5F}.Release|Any CPU.Build.0 = Release|Any CPU
		{CC17909F-09E7-439E-BB53-79C3FFAE53C0}.Debug|Any CPU.ActiveCfg = Debug|Any CPU
		{CC17909F-09E7-439E-BB53-79C3FFAE53C0}.Debug|Any CPU.Build.0 = Debug|Any CPU
		{CC17909F-09E7-439E-BB53-79C3FFAE53C0}.Release|Any CPU.ActiveCfg = Release|Any CPU
		{CC17909F-09E7-439E-BB53-79C3FFAE53C0}.Release|Any CPU.Build.0 = Release|Any CPU
		{2E5D7807-4D0B-4453-98B9-8C4AE6CBD1A1}.Debug|Any CPU.ActiveCfg = Debug|Any CPU
		{2E5D7807-4D0B-4453-98B9-8C4AE6CBD1A1}.Debug|Any CPU.Build.0 = Debug|Any CPU
		{2E5D7807-4D0B-4453-98B9-8C4AE6CBD1A1}.Release|Any CPU.ActiveCfg = Release|Any CPU
		{2E5D7807-4D0B-4453-98B9-8C4AE6CBD1A1}.Release|Any CPU.Build.0 = Release|Any CPU
		{8E6406DA-CAF9-44E5-92D2-184F2F8F5AC1}.Debug|Any CPU.ActiveCfg = Debug|Any CPU
		{8E6406DA-CAF9-44E5-92D2-184F2F8F5AC1}.Debug|Any CPU.Build.0 = Debug|Any CPU
		{8E6406DA-CAF9-44E5-92D2-184F2F8F5AC1}.Release|Any CPU.ActiveCfg = Release|Any CPU
		{8E6406DA-CAF9-44E5-92D2-184F2F8F5AC1}.Release|Any CPU.Build.0 = Release|Any CPU
		{5E0789AD-76BE-4D05-86C4-C6CE76CFC1D2}.Debug|Any CPU.ActiveCfg = Debug|Any CPU
		{5E0789AD-76BE-4D05-86C4-C6CE76CFC1D2}.Debug|Any CPU.Build.0 = Debug|Any CPU
		{5E0789AD-76BE-4D05-86C4-C6CE76CFC1D2}.Release|Any CPU.ActiveCfg = Release|Any CPU
		{5E0789AD-76BE-4D05-86C4-C6CE76CFC1D2}.Release|Any CPU.Build.0 = Release|Any CPU
		{5D781D41-ED66-467F-98B8-48CF743A3B6D}.Debug|Any CPU.ActiveCfg = Debug|Any CPU
		{5D781D41-ED66-467F-98B8-48CF743A3B6D}.Debug|Any CPU.Build.0 = Debug|Any CPU
		{5D781D41-ED66-467F-98B8-48CF743A3B6D}.Release|Any CPU.ActiveCfg = Release|Any CPU
		{5D781D41-ED66-467F-98B8-48CF743A3B6D}.Release|Any CPU.Build.0 = Release|Any CPU
	EndGlobalSection
	GlobalSection(SolutionProperties) = preSolution
		HideSolutionNode = FALSE
	EndGlobalSection
	GlobalSection(ExtensibilityGlobals) = postSolution
		SolutionGuid = {14C8527E-4A8E-4CEC-ACE0-3A7559E33ED5}
	EndGlobalSection
EndGlobal
