
Microsoft Visual Studio Solution File, Format Version 12.00
# Visual Studio 15
VisualStudioVersion = 15.0.27703.2047
MinimumVisualStudioVersion = 10.0.40219.1
Project("{FAE04EC0-301F-11D3-BF4B-00C04F79EFBC}") = "ESIMERKKI", "ESIMERKKI\ESIMERKKI.csproj", "{2F2DFF12-116D-4BCE-AFFC-34095175251A}"
EndProject
Global
	GlobalSection(SolutionConfigurationPlatforms) = preSolution
		Debug|Any CPU = Debug|Any CPU
		Release|Any CPU = Release|Any CPU
	EndGlobalSection
	GlobalSection(ProjectConfigurationPlatforms) = postSolution
		{2F2DFF12-116D-4BCE-AFFC-34095175251A}.Debug|Any CPU.ActiveCfg = Debug|Any CPU
		{2F2DFF12-116D-4BCE-AFFC-34095175251A}.Debug|Any CPU.Build.0 = Debug|Any CPU
		{2F2DFF12-116D-4BCE-AFFC-34095175251A}.Release|Any CPU.ActiveCfg = Release|Any CPU
		{2F2DFF12-116D-4BCE-AFFC-34095175251A}.Release|Any CPU.Build.0 = Release|Any CPU
	EndGlobalSection
	GlobalSection(SolutionProperties) = preSolution
		HideSolutionNode = FALSE
	EndGlobalSection
	GlobalSection(ExtensibilityGlobals) = postSolution
		SolutionGuid = {14C8527E-4A8E-4CEC-ACE0-3A7559E33ED5}
	EndGlobalSection
EndGlobal
