
Microsoft Visual Studio Solution File, Format Version 12.00
# Visual Studio 15
VisualStudioVersion = 15.0.27703.2047
MinimumVisualStudioVersion = 10.0.40219.1
Project("{FAE04EC0-301F-11D3-BF4B-00C04F79EFBC}") = "T1", "T1\T1.csproj", "{27140297-F913-4CD7-814F-6464CD08A1CA}"
EndProject
Project("{FAE04EC0-301F-11D3-BF4B-00C04F79EFBC}") = "T2", "T2\T2.csproj", "{78A49172-206E-4B95-B4A6-21C001DD5EAE}"
EndProject
Global
	GlobalSection(SolutionConfigurationPlatforms) = preSolution
		Debug|Any CPU = Debug|Any CPU
		Release|Any CPU = Release|Any CPU
	EndGlobalSection
	GlobalSection(ProjectConfigurationPlatforms) = postSolution
		{27140297-F913-4CD7-814F-6464CD08A1CA}.Debug|Any CPU.ActiveCfg = Debug|Any CPU
		{27140297-F913-4CD7-814F-6464CD08A1CA}.Debug|Any CPU.Build.0 = Debug|Any CPU
		{27140297-F913-4CD7-814F-6464CD08A1CA}.Release|Any CPU.ActiveCfg = Release|Any CPU
		{27140297-F913-4CD7-814F-6464CD08A1CA}.Release|Any CPU.Build.0 = Release|Any CPU
		{78A49172-206E-4B95-B4A6-21C001DD5EAE}.Debug|Any CPU.ActiveCfg = Debug|Any CPU
		{78A49172-206E-4B95-B4A6-21C001DD5EAE}.Debug|Any CPU.Build.0 = Debug|Any CPU
		{78A49172-206E-4B95-B4A6-21C001DD5EAE}.Release|Any CPU.ActiveCfg = Release|Any CPU
		{78A49172-206E-4B95-B4A6-21C001DD5EAE}.Release|Any CPU.Build.0 = Release|Any CPU
	EndGlobalSection
	GlobalSection(SolutionProperties) = preSolution
		HideSolutionNode = FALSE
	EndGlobalSection
	GlobalSection(ExtensibilityGlobals) = postSolution
		SolutionGuid = {736943E5-F8F5-418A-839D-CA7D33460CC7}
	EndGlobalSection
EndGlobal
