
Microsoft Visual Studio Solution File, Format Version 12.00
# Visual Studio 15
VisualStudioVersion = 15.0.27703.2047
MinimumVisualStudioVersion = 10.0.40219.1
Project("{FAE04EC0-301F-11D3-BF4B-00C04F79EFBC}") = "ESIMERKKI1_Calculator", "ESIMERKKI1\ESIMERKKI1_Calculator.csproj", "{48052937-555D-41DC-8CBA-C6D27659F8EC}"
EndProject
Project("{FAE04EC0-301F-11D3-BF4B-00C04F79EFBC}") = "ESIMERKKI1_CalculatorTests", "ESIMERKKI1_CalculatorTests\ESIMERKKI1_CalculatorTests.csproj", "{360D30E2-122A-4E8F-98EF-9F15AC96AEC5}"
EndProject
Project("{FAE04EC0-301F-11D3-BF4B-00C04F79EFBC}") = "T1", "T1\T1.csproj", "{92A6E3DA-7F0E-4487-BA67-E40D334B8FD1}"
EndProject
Global
	GlobalSection(SolutionConfigurationPlatforms) = preSolution
		Debug|Any CPU = Debug|Any CPU
		Release|Any CPU = Release|Any CPU
	EndGlobalSection
	GlobalSection(ProjectConfigurationPlatforms) = postSolution
		{48052937-555D-41DC-8CBA-C6D27659F8EC}.Debug|Any CPU.ActiveCfg = Debug|Any CPU
		{48052937-555D-41DC-8CBA-C6D27659F8EC}.Debug|Any CPU.Build.0 = Debug|Any CPU
		{48052937-555D-41DC-8CBA-C6D27659F8EC}.Release|Any CPU.ActiveCfg = Release|Any CPU
		{48052937-555D-41DC-8CBA-C6D27659F8EC}.Release|Any CPU.Build.0 = Release|Any CPU
		{360D30E2-122A-4E8F-98EF-9F15AC96AEC5}.Debug|Any CPU.ActiveCfg = Debug|Any CPU
		{360D30E2-122A-4E8F-98EF-9F15AC96AEC5}.Debug|Any CPU.Build.0 = Debug|Any CPU
		{360D30E2-122A-4E8F-98EF-9F15AC96AEC5}.Release|Any CPU.ActiveCfg = Release|Any CPU
		{360D30E2-122A-4E8F-98EF-9F15AC96AEC5}.Release|Any CPU.Build.0 = Release|Any CPU
		{92A6E3DA-7F0E-4487-BA67-E40D334B8FD1}.Debug|Any CPU.ActiveCfg = Debug|Any CPU
		{92A6E3DA-7F0E-4487-BA67-E40D334B8FD1}.Debug|Any CPU.Build.0 = Debug|Any CPU
		{92A6E3DA-7F0E-4487-BA67-E40D334B8FD1}.Release|Any CPU.ActiveCfg = Release|Any CPU
		{92A6E3DA-7F0E-4487-BA67-E40D334B8FD1}.Release|Any CPU.Build.0 = Release|Any CPU
	EndGlobalSection
	GlobalSection(SolutionProperties) = preSolution
		HideSolutionNode = FALSE
	EndGlobalSection
	GlobalSection(ExtensibilityGlobals) = postSolution
		SolutionGuid = {6D37DE93-559D-48E3-A732-14EDA285EF01}
	EndGlobalSection
EndGlobal
