
Microsoft Visual Studio Solution File, Format Version 12.00
# Visual Studio 15
VisualStudioVersion = 15.0.27703.2047
MinimumVisualStudioVersion = 10.0.40219.1
Project("{FAE04EC0-301F-11D3-BF4B-00C04F79EFBC}") = "T1", "T1\T1.csproj", "{E28FC2D1-0EE3-4CB2-BCA7-4B46D62B29CF}"
EndProject
Project("{FAE04EC0-301F-11D3-BF4B-00C04F79EFBC}") = "Esimerkit", "Esimerkit\Esimerkit.csproj", "{26DDF678-C1ED-44C4-B3E0-3A57E6CB9882}"
EndProject
Project("{FAE04EC0-301F-11D3-BF4B-00C04F79EFBC}") = "T2", "T2\T2.csproj", "{7366FA9C-8BFB-431B-B23D-E27C423F9044}"
EndProject
Project("{FAE04EC0-301F-11D3-BF4B-00C04F79EFBC}") = "T3", "T3\T3.csproj", "{773E9CDC-B8BE-4FD5-9C01-BACBB80D4F44}"
EndProject
Project("{FAE04EC0-301F-11D3-BF4B-00C04F79EFBC}") = "T4", "T4\T4.csproj", "{C47E5187-8997-4982-8F3A-C44B84FD7B9F}"
EndProject
Project("{FAE04EC0-301F-11D3-BF4B-00C04F79EFBC}") = "T5", "T5\T5.csproj", "{BBE4D3A1-DFF3-42AE-8BFD-DA18B4B0A414}"
EndProject
Project("{FAE04EC0-301F-11D3-BF4B-00C04F79EFBC}") = "T6", "T6\T6.csproj", "{04BE68B2-2F0D-4464-A612-2A1C85915D8E}"
EndProject
Project("{FAE04EC0-301F-11D3-BF4B-00C04F79EFBC}") = "T7", "T7\T7.csproj", "{797B9061-5677-47F9-ACE0-A574E2E5A13E}"
EndProject
Project("{FAE04EC0-301F-11D3-BF4B-00C04F79EFBC}") = "T8", "T8\T8.csproj", "{597C2E73-77A9-4939-A43A-A063BA6F569A}"
EndProject
Project("{FAE04EC0-301F-11D3-BF4B-00C04F79EFBC}") = "T9", "T9\T9.csproj", "{2823B264-A007-448B-9102-37C412CAECF9}"
EndProject
Project("{FAE04EC0-301F-11D3-BF4B-00C04F79EFBC}") = "T10", "T10\T10.csproj", "{C2AB3442-045D-4C7A-8038-4C43ED9D4EB6}"
EndProject
Project("{FAE04EC0-301F-11D3-BF4B-00C04F79EFBC}") = "CarApplication", "CarApplication\CarApplication.csproj", "{12D499B4-E1E9-4893-85B3-F6AEAE8A906E}"
EndProject
Global
	GlobalSection(SolutionConfigurationPlatforms) = preSolution
		Debug|Any CPU = Debug|Any CPU
		Release|Any CPU = Release|Any CPU
	EndGlobalSection
	GlobalSection(ProjectConfigurationPlatforms) = postSolution
		{E28FC2D1-0EE3-4CB2-BCA7-4B46D62B29CF}.Debug|Any CPU.ActiveCfg = Debug|Any CPU
		{E28FC2D1-0EE3-4CB2-BCA7-4B46D62B29CF}.Debug|Any CPU.Build.0 = Debug|Any CPU
		{E28FC2D1-0EE3-4CB2-BCA7-4B46D62B29CF}.Release|Any CPU.ActiveCfg = Release|Any CPU
		{E28FC2D1-0EE3-4CB2-BCA7-4B46D62B29CF}.Release|Any CPU.Build.0 = Release|Any CPU
		{26DDF678-C1ED-44C4-B3E0-3A57E6CB9882}.Debug|Any CPU.ActiveCfg = Debug|Any CPU
		{26DDF678-C1ED-44C4-B3E0-3A57E6CB9882}.Debug|Any CPU.Build.0 = Debug|Any CPU
		{26DDF678-C1ED-44C4-B3E0-3A57E6CB9882}.Release|Any CPU.ActiveCfg = Release|Any CPU
		{26DDF678-C1ED-44C4-B3E0-3A57E6CB9882}.Release|Any CPU.Build.0 = Release|Any CPU
		{7366FA9C-8BFB-431B-B23D-E27C423F9044}.Debug|Any CPU.ActiveCfg = Debug|Any CPU
		{7366FA9C-8BFB-431B-B23D-E27C423F9044}.Debug|Any CPU.Build.0 = Debug|Any CPU
		{7366FA9C-8BFB-431B-B23D-E27C423F9044}.Release|Any CPU.ActiveCfg = Release|Any CPU
		{7366FA9C-8BFB-431B-B23D-E27C423F9044}.Release|Any CPU.Build.0 = Release|Any CPU
		{773E9CDC-B8BE-4FD5-9C01-BACBB80D4F44}.Debug|Any CPU.ActiveCfg = Debug|Any CPU
		{773E9CDC-B8BE-4FD5-9C01-BACBB80D4F44}.Debug|Any CPU.Build.0 = Debug|Any CPU
		{773E9CDC-B8BE-4FD5-9C01-BACBB80D4F44}.Release|Any CPU.ActiveCfg = Release|Any CPU
		{773E9CDC-B8BE-4FD5-9C01-BACBB80D4F44}.Release|Any CPU.Build.0 = Release|Any CPU
		{C47E5187-8997-4982-8F3A-C44B84FD7B9F}.Debug|Any CPU.ActiveCfg = Debug|Any CPU
		{C47E5187-8997-4982-8F3A-C44B84FD7B9F}.Debug|Any CPU.Build.0 = Debug|Any CPU
		{C47E5187-8997-4982-8F3A-C44B84FD7B9F}.Release|Any CPU.ActiveCfg = Release|Any CPU
		{C47E5187-8997-4982-8F3A-C44B84FD7B9F}.Release|Any CPU.Build.0 = Release|Any CPU
		{BBE4D3A1-DFF3-42AE-8BFD-DA18B4B0A414}.Debug|Any CPU.ActiveCfg = Debug|Any CPU
		{BBE4D3A1-DFF3-42AE-8BFD-DA18B4B0A414}.Debug|Any CPU.Build.0 = Debug|Any CPU
		{BBE4D3A1-DFF3-42AE-8BFD-DA18B4B0A414}.Release|Any CPU.ActiveCfg = Release|Any CPU
		{BBE4D3A1-DFF3-42AE-8BFD-DA18B4B0A414}.Release|Any CPU.Build.0 = Release|Any CPU
		{04BE68B2-2F0D-4464-A612-2A1C85915D8E}.Debug|Any CPU.ActiveCfg = Debug|Any CPU
		{04BE68B2-2F0D-4464-A612-2A1C85915D8E}.Debug|Any CPU.Build.0 = Debug|Any CPU
		{04BE68B2-2F0D-4464-A612-2A1C85915D8E}.Release|Any CPU.ActiveCfg = Release|Any CPU
		{04BE68B2-2F0D-4464-A612-2A1C85915D8E}.Release|Any CPU.Build.0 = Release|Any CPU
		{797B9061-5677-47F9-ACE0-A574E2E5A13E}.Debug|Any CPU.ActiveCfg = Debug|Any CPU
		{797B9061-5677-47F9-ACE0-A574E2E5A13E}.Debug|Any CPU.Build.0 = Debug|Any CPU
		{797B9061-5677-47F9-ACE0-A574E2E5A13E}.Release|Any CPU.ActiveCfg = Release|Any CPU
		{797B9061-5677-47F9-ACE0-A574E2E5A13E}.Release|Any CPU.Build.0 = Release|Any CPU
		{597C2E73-77A9-4939-A43A-A063BA6F569A}.Debug|Any CPU.ActiveCfg = Debug|Any CPU
		{597C2E73-77A9-4939-A43A-A063BA6F569A}.Debug|Any CPU.Build.0 = Debug|Any CPU
		{597C2E73-77A9-4939-A43A-A063BA6F569A}.Release|Any CPU.ActiveCfg = Release|Any CPU
		{597C2E73-77A9-4939-A43A-A063BA6F569A}.Release|Any CPU.Build.0 = Release|Any CPU
		{2823B264-A007-448B-9102-37C412CAECF9}.Debug|Any CPU.ActiveCfg = Debug|Any CPU
		{2823B264-A007-448B-9102-37C412CAECF9}.Debug|Any CPU.Build.0 = Debug|Any CPU
		{2823B264-A007-448B-9102-37C412CAECF9}.Release|Any CPU.ActiveCfg = Release|Any CPU
		{2823B264-A007-448B-9102-37C412CAECF9}.Release|Any CPU.Build.0 = Release|Any CPU
		{C2AB3442-045D-4C7A-8038-4C43ED9D4EB6}.Debug|Any CPU.ActiveCfg = Debug|Any CPU
		{C2AB3442-045D-4C7A-8038-4C43ED9D4EB6}.Debug|Any CPU.Build.0 = Debug|Any CPU
		{C2AB3442-045D-4C7A-8038-4C43ED9D4EB6}.Release|Any CPU.ActiveCfg = Release|Any CPU
		{C2AB3442-045D-4C7A-8038-4C43ED9D4EB6}.Release|Any CPU.Build.0 = Release|Any CPU
		{12D499B4-E1E9-4893-85B3-F6AEAE8A906E}.Debug|Any CPU.ActiveCfg = Debug|Any CPU
		{12D499B4-E1E9-4893-85B3-F6AEAE8A906E}.Debug|Any CPU.Build.0 = Debug|Any CPU
		{12D499B4-E1E9-4893-85B3-F6AEAE8A906E}.Release|Any CPU.ActiveCfg = Release|Any CPU
		{12D499B4-E1E9-4893-85B3-F6AEAE8A906E}.Release|Any CPU.Build.0 = Release|Any CPU
	EndGlobalSection
	GlobalSection(SolutionProperties) = preSolution
		HideSolutionNode = FALSE
	EndGlobalSection
	GlobalSection(ExtensibilityGlobals) = postSolution
		SolutionGuid = {ACEA5A84-D58D-4C8C-A082-45C460A20338}
	EndGlobalSection
EndGlobal
